// !$*UTF8*$!
{
	archiveVersion = 1;
	classes = {
	};
	objectVersion = 55;
	objects = {

/* Begin PBXBuildFile section */
		60680E772879D9DE00B83001 /* AppDelegate.swift in Sources */ = {isa = PBXBuildFile; fileRef = 60680E762879D9DE00B83001 /* AppDelegate.swift */; };
		60680E792879D9DE00B83001 /* SceneDelegate.swift in Sources */ = {isa = PBXBuildFile; fileRef = 60680E782879D9DE00B83001 /* SceneDelegate.swift */; };
		60680E7B2879D9DE00B83001 /* ViewController.swift in Sources */ = {isa = PBXBuildFile; fileRef = 60680E7A2879D9DE00B83001 /* ViewController.swift */; };
		60680E7E2879D9DE00B83001 /* Main.storyboard in Resources */ = {isa = PBXBuildFile; fileRef = 60680E7C2879D9DE00B83001 /* Main.storyboard */; };
		60680E802879D9DF00B83001 /* Assets.xcassets in Resources */ = {isa = PBXBuildFile; fileRef = 60680E7F2879D9DF00B83001 /* Assets.xcassets */; };
		60680E832879D9DF00B83001 /* LaunchScreen.storyboard in Resources */ = {isa = PBXBuildFile; fileRef = 60680E812879D9DF00B83001 /* LaunchScreen.storyboard */; };
		60680E8B287A150800B83001 /* RegistrationViewController.swift in Sources */ = {isa = PBXBuildFile; fileRef = 60680E8A287A150800B83001 /* RegistrationViewController.swift */; };
		60680E8D287A2A5700B83001 /* Validation.swift in Sources */ = {isa = PBXBuildFile; fileRef = 60680E8C287A2A5700B83001 /* Validation.swift */; };
		60680E8F287A3EFD00B83001 /* UsefulExtensions.swift in Sources */ = {isa = PBXBuildFile; fileRef = 60680E8E287A3EFD00B83001 /* UsefulExtensions.swift */; };
		60680E93287ABE9700B83001 /* Details.storyboard in Resources */ = {isa = PBXBuildFile; fileRef = 60680E92287ABE9700B83001 /* Details.storyboard */; };
		60680E95287ABEAF00B83001 /* DetailsViewController.swift in Sources */ = {isa = PBXBuildFile; fileRef = 60680E94287ABEAF00B83001 /* DetailsViewController.swift */; };
/* End PBXBuildFile section */

/* Begin PBXFileReference section */
		60680E732879D9DE00B83001 /* NatiaL_HW14.app */ = {isa = PBXFileReference; explicitFileType = wrapper.application; includeInIndex = 0; path = NatiaL_HW14.app; sourceTree = BUILT_PRODUCTS_DIR; };
		60680E762879D9DE00B83001 /* AppDelegate.swift */ = {isa = PBXFileReference; lastKnownFileType = sourcecode.swift; path = AppDelegate.swift; sourceTree = "<group>"; };
		60680E782879D9DE00B83001 /* SceneDelegate.swift */ = {isa = PBXFileReference; lastKnownFileType = sourcecode.swift; path = SceneDelegate.swift; sourceTree = "<group>"; };
		60680E7A2879D9DE00B83001 /* ViewController.swift */ = {isa = PBXFileReference; lastKnownFileType = sourcecode.swift; path = ViewController.swift; sourceTree = "<group>"; };
		60680E7D2879D9DE00B83001 /* Base */ = {isa = PBXFileReference; lastKnownFileType = file.storyboard; name = Base; path = Base.lproj/Main.storyboard; sourceTree = "<group>"; };
		60680E7F2879D9DF00B83001 /* Assets.xcassets */ = {isa = PBXFileReference; lastKnownFileType = folder.assetcatalog; path = Assets.xcassets; sourceTree = "<group>"; };
		60680E822879D9DF00B83001 /* Base */ = {isa = PBXFileReference; lastKnownFileType = file.storyboard; name = Base; path = Base.lproj/LaunchScreen.storyboard; sourceTree = "<group>"; };
		60680E842879D9DF00B83001 /* Info.plist */ = {isa = PBXFileReference; lastKnownFileType = text.plist.xml; path = Info.plist; sourceTree = "<group>"; };
		60680E8A287A150800B83001 /* RegistrationViewController.swift */ = {isa = PBXFileReference; lastKnownFileType = sourcecode.swift; path = RegistrationViewController.swift; sourceTree = "<group>"; };
		60680E8C287A2A5700B83001 /* Validation.swift */ = {isa = PBXFileReference; lastKnownFileType = sourcecode.swift; path = Validation.swift; sourceTree = "<group>"; };
		60680E8E287A3EFD00B83001 /* UsefulExtensions.swift */ = {isa = PBXFileReference; lastKnownFileType = sourcecode.swift; path = UsefulExtensions.swift; sourceTree = "<group>"; };
		60680E92287ABE9700B83001 /* Details.storyboard */ = {isa = PBXFileReference; lastKnownFileType = file.storyboard; path = Details.storyboard; sourceTree = "<group>"; };
		60680E94287ABEAF00B83001 /* DetailsViewController.swift */ = {isa = PBXFileReference; lastKnownFileType = sourcecode.swift; path = DetailsViewController.swift; sourceTree = "<group>"; };
/* End PBXFileReference section */

/* Begin PBXFrameworksBuildPhase section */
		60680E702879D9DE00B83001 /* Frameworks */ = {
			isa = PBXFrameworksBuildPhase;
			buildActionMask = 2147483647;
			files = (
			);
			runOnlyForDeploymentPostprocessing = 0;
		};
/* End PBXFrameworksBuildPhase section */

/* Begin PBXGroup section */
		60680E6A2879D9DE00B83001 = {
			isa = PBXGroup;
			children = (
				60680E752879D9DE00B83001 /* NatiaL_HW14 */,
				60680E742879D9DE00B83001 /* Products */,
			);
			sourceTree = "<group>";
		};
		60680E742879D9DE00B83001 /* Products */ = {
			isa = PBXGroup;
			children = (
				60680E732879D9DE00B83001 /* NatiaL_HW14.app */,
			);
			name = Products;
			sourceTree = "<group>";
		};
		60680E752879D9DE00B83001 /* NatiaL_HW14 */ = {
			isa = PBXGroup;
			children = (
				60680E762879D9DE00B83001 /* AppDelegate.swift */,
				60680E782879D9DE00B83001 /* SceneDelegate.swift */,
				60680E98287ACA3000B83001 /* Extensions and Functions */,
				60680E96287AC9E700B83001 /* ViewControllers */,
				60680E97287ACA1A00B83001 /* View */,
				60680E7F2879D9DF00B83001 /* Assets.xcassets */,
				60680E812879D9DF00B83001 /* LaunchScreen.storyboard */,
				60680E842879D9DF00B83001 /* Info.plist */,
			);
			path = NatiaL_HW14;
			sourceTree = "<group>";
		};
		60680E96287AC9E700B83001 /* ViewControllers */ = {
			isa = PBXGroup;
			children = (
				60680E7A2879D9DE00B83001 /* ViewController.swift */,
				60680E8A287A150800B83001 /* RegistrationViewController.swift */,
				60680E94287ABEAF00B83001 /* DetailsViewController.swift */,
			);
			path = ViewControllers;
			sourceTree = "<group>";
		};
		60680E97287ACA1A00B83001 /* View */ = {
			isa = PBXGroup;
			children = (
				60680E7C2879D9DE00B83001 /* Main.storyboard */,
				60680E92287ABE9700B83001 /* Details.storyboard */,
			);
			path = View;
			sourceTree = "<group>";
		};
		60680E98287ACA3000B83001 /* Extensions and Functions */ = {
			isa = PBXGroup;
			children = (
				60680E8E287A3EFD00B83001 /* UsefulExtensions.swift */,
				60680E8C287A2A5700B83001 /* Validation.swift */,
			);
			path = "Extensions and Functions";
			sourceTree = "<group>";
		};
/* End PBXGroup section */

/* Begin PBXNativeTarget section */
		60680E722879D9DE00B83001 /* NatiaL_HW14 */ = {
			isa = PBXNativeTarget;
			buildConfigurationList = 60680E872879D9DF00B83001 /* Build configuration list for PBXNativeTarget "NatiaL_HW14" */;
			buildPhases = (
				60680E6F2879D9DE00B83001 /* Sources */,
				60680E702879D9DE00B83001 /* Frameworks */,
				60680E712879D9DE00B83001 /* Resources */,
			);
			buildRules = (
			);
			dependencies = (
			);
			name = NatiaL_HW14;
			productName = NatiaL_HW14;
			productReference = 60680E732879D9DE00B83001 /* NatiaL_HW14.app */;
			productType = "com.apple.product-type.application";
		};
/* End PBXNativeTarget section */

/* Begin PBXProject section */
		60680E6B2879D9DE00B83001 /* Project object */ = {
			isa = PBXProject;
			attributes = {
				BuildIndependentTargetsInParallel = 1;
				LastSwiftUpdateCheck = 1320;
				LastUpgradeCheck = 1320;
				TargetAttributes = {
					60680E722879D9DE00B83001 = {
						CreatedOnToolsVersion = 13.2.1;
					};
				};
			};
			buildConfigurationList = 60680E6E2879D9DE00B83001 /* Build configuration list for PBXProject "NatiaL_HW14" */;
			compatibilityVersion = "Xcode 13.0";
			developmentRegion = en;
			hasScannedForEncodings = 0;
			knownRegions = (
				en,
				Base,
			);
			mainGroup = 60680E6A2879D9DE00B83001;
			productRefGroup = 60680E742879D9DE00B83001 /* Products */;
			projectDirPath = "";
			projectRoot = "";
			targets = (
				60680E722879D9DE00B83001 /* NatiaL_HW14 */,
			);
		};
/* End PBXProject section */

/* Begin PBXResourcesBuildPhase section */
		60680E712879D9DE00B83001 /* Resources */ = {
			isa = PBXResourcesBuildPhase;
			buildActionMask = 2147483647;
			files = (
				60680E832879D9DF00B83001 /* LaunchScreen.storyboard in Resources */,
				60680E802879D9DF00B83001 /* Assets.xcassets in Resources */,
				60680E7E2879D9DE00B83001 /* Main.storyboard in Resources */,
				60680E93287ABE9700B83001 /* Details.storyboard in Resources */,
			);
			runOnlyForDeploymentPostprocessing = 0;
		};
/* End PBXResourcesBuildPhase section */

/* Begin PBXSourcesBuildPhase section */
		60680E6F2879D9DE00B83001 /* Sources */ = {
			isa = PBXSourcesBuildPhase;
			buildActionMask = 2147483647;
			files = (
				60680E7B2879D9DE00B83001 /* ViewController.swift in Sources */,
				60680E772879D9DE00B83001 /* AppDelegate.swift in Sources */,
				60680E95287ABEAF00B83001 /* DetailsViewController.swift in Sources */,
				60680E8B287A150800B83001 /* RegistrationViewController.swift in Sources */,
				60680E8F287A3EFD00B83001 /* UsefulExtensions.swift in Sources */,
				60680E8D287A2A5700B83001 /* Validation.swift in Sources */,
				60680E792879D9DE00B83001 /* SceneDelegate.swift in Sources */,
			);
			runOnlyForDeploymentPostprocessing = 0;
		};
/* End PBXSourcesBuildPhase section */

/* Begin PBXVariantGroup section */
		60680E7C2879D9DE00B83001 /* Main.storyboard */ = {
			isa = PBXVariantGroup;
			children = (
				60680E7D2879D9DE00B83001 /* Base */,
			);
			name = Main.storyboard;
			sourceTree = "<group>";
		};
		60680E812879D9DF00B83001 /* LaunchScreen.storyboard */ = {
			isa = PBXVariantGroup;
			children = (
				60680E822879D9DF00B83001 /* Base */,
			);
			name = LaunchScreen.storyboard;
			sourceTree = "<group>";
		};
/* End PBXVariantGroup section */

/* Begin XCBuildConfiguration section */
		60680E852879D9DF00B83001 /* Debug */ = {
			isa = XCBuildConfiguration;
			buildSettings = {
				ALWAYS_SEARCH_USER_PATHS = NO;
				CLANG_ANALYZER_NONNULL = YES;
				CLANG_ANALYZER_NUMBER_OBJECT_CONVERSION = YES_AGGRESSIVE;
				CLANG_CXX_LANGUAGE_STANDARD = "gnu++17";
				CLANG_CXX_LIBRARY = "libc++";
				CLANG_ENABLE_MODULES = YES;
				CLANG_ENABLE_OBJC_ARC = YES;
				CLANG_ENABLE_OBJC_WEAK = YES;
				CLANG_WARN_BLOCK_CAPTURE_AUTORELEASING = YES;
				CLANG_WARN_BOOL_CONVERSION = YES;
				CLANG_WARN_COMMA = YES;
				CLANG_WARN_CONSTANT_CONVERSION = YES;
				CLANG_WARN_DEPRECATED_OBJC_IMPLEMENTATIONS = YES;
				CLANG_WARN_DIRECT_OBJC_ISA_USAGE = YES_ERROR;
				CLANG_WARN_DOCUMENTATION_COMMENTS = YES;
				CLANG_WARN_EMPTY_BODY = YES;
				CLANG_WARN_ENUM_CONVERSION = YES;
				CLANG_WARN_INFINITE_RECURSION = YES;
				CLANG_WARN_INT_CONVERSION = YES;
				CLANG_WARN_NON_LITERAL_NULL_CONVERSION = YES;
				CLANG_WARN_OBJC_IMPLICIT_RETAIN_SELF = YES;
				CLANG_WARN_OBJC_LITERAL_CONVERSION = YES;
				CLANG_WARN_OBJC_ROOT_CLASS = YES_ERROR;
				CLANG_WARN_QUOTED_INCLUDE_IN_FRAMEWORK_HEADER = YES;
				CLANG_WARN_RANGE_LOOP_ANALYSIS = YES;
				CLANG_WARN_STRICT_PROTOTYPES = YES;
				CLANG_WARN_SUSPICIOUS_MOVE = YES;
				CLANG_WARN_UNGUARDED_AVAILABILITY = YES_AGGRESSIVE;
				CLANG_WARN_UNREACHABLE_CODE = YES;
				CLANG_WARN__DUPLICATE_METHOD_MATCH = YES;
				COPY_PHASE_STRIP = NO;
				DEBUG_INFORMATION_FORMAT = dwarf;
				ENABLE_STRICT_OBJC_MSGSEND = YES;
				ENABLE_TESTABILITY = YES;
				GCC_C_LANGUAGE_STANDARD = gnu11;
				GCC_DYNAMIC_NO_PIC = NO;
				GCC_NO_COMMON_BLOCKS = YES;
				GCC_OPTIMIZATION_LEVEL = 0;
				GCC_PREPROCESSOR_DEFINITIONS = (
					"DEBUG=1",
					"$(inherited)",
				);
				GCC_WARN_64_TO_32_BIT_CONVERSION = YES;
				GCC_WARN_ABOUT_RETURN_TYPE = YES_ERROR;
				GCC_WARN_UNDECLARED_SELECTOR = YES;
				GCC_WARN_UNINITIALIZED_AUTOS = YES_AGGRESSIVE;
				GCC_WARN_UNUSED_FUNCTION = YES;
				GCC_WARN_UNUSED_VARIABLE = YES;
				IPHONEOS_DEPLOYMENT_TARGET = 15.2;
				MTL_ENABLE_DEBUG_INFO = INCLUDE_SOURCE;
				MTL_FAST_MATH = YES;
				ONLY_ACTIVE_ARCH = YES;
				SDKROOT = iphoneos;
				SWIFT_ACTIVE_COMPILATION_CONDITIONS = DEBUG;
				SWIFT_OPTIMIZATION_LEVEL = "-Onone";
			};
			name = Debug;
		};
		60680E862879D9DF00B83001 /* Release */ = {
			isa = XCBuildConfiguration;
			buildSettings = {
				ALWAYS_SEARCH_USER_PATHS = NO;
				CLANG_ANALYZER_NONNULL = YES;
				CLANG_ANALYZER_NUMBER_OBJECT_CONVERSION = YES_AGGRESSIVE;
				CLANG_CXX_LANGUAGE_STANDARD = "gnu++17";
				CLANG_CXX_LIBRARY = "libc++";
				CLANG_ENABLE_MODULES = YES;
				CLANG_ENABLE_OBJC_ARC = YES;
				CLANG_ENABLE_OBJC_WEAK = YES;
				CLANG_WARN_BLOCK_CAPTURE_AUTORELEASING = YES;
				CLANG_WARN_BOOL_CONVERSION = YES;
				CLANG_WARN_COMMA = YES;
				CLANG_WARN_CONSTANT_CONVERSION = YES;
				CLANG_WARN_DEPRECATED_OBJC_IMPLEMENTATIONS = YES;
				CLANG_WARN_DIRECT_OBJC_ISA_USAGE = YES_ERROR;
				CLANG_WARN_DOCUMENTATION_COMMENTS = YES;
				CLANG_WARN_EMPTY_BODY = YES;
				CLANG_WARN_ENUM_CONVERSION = YES;
				CLANG_WARN_INFINITE_RECURSION = YES;
				CLANG_WARN_INT_CONVERSION = YES;
				CLANG_WARN_NON_LITERAL_NULL_CONVERSION = YES;
				CLANG_WARN_OBJC_IMPLICIT_RETAIN_SELF = YES;
				CLANG_WARN_OBJC_LITERAL_CONVERSION = YES;
				CLANG_WARN_OBJC_ROOT_CLASS = YES_ERROR;
				CLANG_WARN_QUOTED_INCLUDE_IN_FRAMEWORK_HEADER = YES;
				CLANG_WARN_RANGE_LOOP_ANALYSIS = YES;
				CLANG_WARN_STRICT_PROTOTYPES = YES;
				CLANG_WARN_SUSPICIOUS_MOVE = YES;
				CLANG_WARN_UNGUARDED_AVAILABILITY = YES_AGGRESSIVE;
				CLANG_WARN_UNREACHABLE_CODE = YES;
				CLANG_WARN__DUPLICATE_METHOD_MATCH = YES;
				COPY_PHASE_STRIP = NO;
				DEBUG_INFORMATION_FORMAT = "dwarf-with-dsym";
				ENABLE_NS_ASSERTIONS = NO;
				ENABLE_STRICT_OBJC_MSGSEND = YES;
				GCC_C_LANGUAGE_STANDARD = gnu11;
				GCC_NO_COMMON_BLOCKS = YES;
				GCC_WARN_64_TO_32_BIT_CONVERSION = YES;
				GCC_WARN_ABOUT_RETURN_TYPE = YES_ERROR;
				GCC_WARN_UNDECLARED_SELECTOR = YES;
				GCC_WARN_UNINITIALIZED_AUTOS = YES_AGGRESSIVE;
				GCC_WARN_UNUSED_FUNCTION = YES;
				GCC_WARN_UNUSED_VARIABLE = YES;
				IPHONEOS_DEPLOYMENT_TARGET = 15.2;
				MTL_ENABLE_DEBUG_INFO = NO;
				MTL_FAST_MATH = YES;
				SDKROOT = iphoneos;
				SWIFT_COMPILATION_MODE = wholemodule;
				SWIFT_OPTIMIZATION_LEVEL = "-O";
				VALIDATE_PRODUCT = YES;
			};
			name = Release;
		};
		60680E882879D9DF00B83001 /* Debug */ = {
			isa = XCBuildConfiguration;
			buildSettings = {
				ASSETCATALOG_COMPILER_APPICON_NAME = AppIcon;
				ASSETCATALOG_COMPILER_GLOBAL_ACCENT_COLOR_NAME = AccentColor;
				CODE_SIGN_STYLE = Automatic;
				CURRENT_PROJECT_VERSION = 1;
				GENERATE_INFOPLIST_FILE = YES;
				INFOPLIST_FILE = NatiaL_HW14/Info.plist;
				INFOPLIST_KEY_UIApplicationSupportsIndirectInputEvents = YES;
				INFOPLIST_KEY_UILaunchStoryboardName = LaunchScreen;
				INFOPLIST_KEY_UIMainStoryboardFile = Main;
				INFOPLIST_KEY_UISupportedInterfaceOrientations_iPad = "UIInterfaceOrientationPortrait UIInterfaceOrientationPortraitUpsideDown UIInterfaceOrientationLandscapeLeft UIInterfaceOrientationLandscapeRight";
				INFOPLIST_KEY_UISupportedInterfaceOrientations_iPhone = "UIInterfaceOrientationPortrait UIInterfaceOrientationLandscapeLeft UIInterfaceOrientationLandscapeRight";
				LD_RUNPATH_SEARCH_PATHS = (
					"$(inherited)",
					"@executable_path/Frameworks",
				);
				MARKETING_VERSION = 1.0;
				PRODUCT_BUNDLE_IDENTIFIER = "NatiaLobzhanidze.NatiaL-HW14";
				PRODUCT_NAME = "$(TARGET_NAME)";
				SWIFT_EMIT_LOC_STRINGS = YES;
				SWIFT_VERSION = 5.0;
				TARGETED_DEVICE_FAMILY = "1,2";
			};
			name = Debug;
		};
		60680E892879D9DF00B83001 /* Release */ = {
			isa = XCBuildConfiguration;
			buildSettings = {
				ASSETCATALOG_COMPILER_APPICON_NAME = AppIcon;
				ASSETCATALOG_COMPILER_GLOBAL_ACCENT_COLOR_NAME = AccentColor;
				CODE_SIGN_STYLE = Automatic;
				CURRENT_PROJECT_VERSION = 1;
				GENERATE_INFOPLIST_FILE = YES;
				INFOPLIST_FILE = NatiaL_HW14/Info.plist;
				INFOPLIST_KEY_UIApplicationSupportsIndirectInputEvents = YES;
				INFOPLIST_KEY_UILaunchStoryboardName = LaunchScreen;
				INFOPLIST_KEY_UIMainStoryboardFile = Main;
				INFOPLIST_KEY_UISupportedInterfaceOrientations_iPad = "UIInterfaceOrientationPortrait UIInterfaceOrientationPortraitUpsideDown UIInterfaceOrientationLandscapeLeft UIInterfaceOrientationLandscapeRight";
				INFOPLIST_KEY_UISupportedInterfaceOrientations_iPhone = "UIInterfaceOrientationPortrait UIInterfaceOrientationLandscapeLeft UIInterfaceOrientationLandscapeRight";
				LD_RUNPATH_SEARCH_PATHS = (
					"$(inherited)",
					"@executable_path/Frameworks",
				);
				MARKETING_VERSION = 1.0;
				PRODUCT_BUNDLE_IDENTIFIER = "NatiaLobzhanidze.NatiaL-HW14";
				PRODUCT_NAME = "$(TARGET_NAME)";
				SWIFT_EMIT_LOC_STRINGS = YES;
				SWIFT_VERSION = 5.0;
				TARGETED_DEVICE_FAMILY = "1,2";
			};
			name = Release;
		};
/* End XCBuildConfiguration section */

/* Begin XCConfigurationList section */
		60680E6E2879D9DE00B83001 /* Build configuration list for PBXProject "NatiaL_HW14" */ = {
			isa = XCConfigurationList;
			buildConfigurations = (
				60680E852879D9DF00B83001 /* Debug */,
				60680E862879D9DF00B83001 /* Release */,
			);
			defaultConfigurationIsVisible = 0;
			defaultConfigurationName = Release;
		};
		60680E872879D9DF00B83001 /* Build configuration list for PBXNativeTarget "NatiaL_HW14" */ = {
			isa = XCConfigurationList;
			buildConfigurations = (
				60680E882879D9DF00B83001 /* Debug */,
				60680E892879D9DF00B83001 /* Release */,
			);
			defaultConfigurationIsVisible = 0;
			defaultConfigurationName = Release;
		};
/* End XCConfigurationList section */
	};
	rootObject = 60680E6B2879D9DE00B83001 /* Project object */;
}
